// !$*UTF8*$!
{
	archiveVersion = 1;
	classes = {
	};
	objectVersion = 56;
	objects = {

/* Begin PBXBuildFile section */
		AA9E1B4B2F28C1480064811A /* AppDelegate.swift in Sources */ = {isa = PBXBuildFile; fileRef = AA9E1B4A2F28C1480064811A /* AppDelegate.swift */; };
		AA9E1B4D2F28C1480064811A /* SceneDelegate.swift in Sources */ = {isa = PBXBuildFile; fileRef = AA9E1B4C2F28C1480064811A /* SceneDelegate.swift */; };
		AA9E1B542F28C14A0064811A /* Assets.xcassets in Resources */ = {isa = PBXBuildFile; fileRef = AA9E1B532F28C14A0064811A /* Assets.xcassets */; };
		AA9E1B572F28C14A0064811A /* Base in Resources */ = {isa = PBXBuildFile; fileRef = AA9E1B562F28C14A0064811A /* Base */; };
		AA9E1B692F28CD8B0064811A /* OnboardingViewController.xib in Resources */ = {isa = PBXBuildFile; fileRef = AA9E1B682F28CD8B0064811A /* OnboardingViewController.xib */; };
		AA9E1B6A2F28CD8B0064811A /* OnboardingViewController.swift in Sources */ = {isa = PBXBuildFile; fileRef = AA9E1B672F28CD8B0064811A /* OnboardingViewController.swift */; };
		AA9E1B6D2F28D44E0064811A /* HomeViewController.xib in Resources */ = {isa = PBXBuildFile; fileRef = AA9E1B6C2F28D44E0064811A /* HomeViewController.xib */; };
		AA9E1B6E2F28D44E0064811A /* HomeViewController.swift in Sources */ = {isa = PBXBuildFile; fileRef = AA9E1B6B2F28D44E0064811A /* HomeViewController.swift */; };
		AA9E1B702F28D4720064811A /* TabBarController.swift in Sources */ = {isa = PBXBuildFile; fileRef = AA9E1B6F2F28D4720064811A /* TabBarController.swift */; };
/* End PBXBuildFile section */

/* Begin PBXFileReference section */
		AA9E1B472F28C1480064811A /* ITRootsTask.app */ = {isa = PBXFileReference; explicitFileType = wrapper.application; includeInIndex = 0; path = ITRootsTask.app; sourceTree = BUILT_PRODUCTS_DIR; };
		AA9E1B4A2F28C1480064811A /* AppDelegate.swift */ = {isa = PBXFileReference; lastKnownFileType = sourcecode.swift; path = AppDelegate.swift; sourceTree = "<group>"; };
		AA9E1B4C2F28C1480064811A /* SceneDelegate.swift */ = {isa = PBXFileReference; lastKnownFileType = sourcecode.swift; path = SceneDelegate.swift; sourceTree = "<group>"; };
		AA9E1B532F28C14A0064811A /* Assets.xcassets */ = {isa = PBXFileReference; lastKnownFileType = folder.assetcatalog; path = Assets.xcassets; sourceTree = "<group>"; };
		AA9E1B562F28C14A0064811A /* Base */ = {isa = PBXFileReference; lastKnownFileType = file.storyboard; name = Base; path = Base.lproj/LaunchScreen.storyboard; sourceTree = "<group>"; };
		AA9E1B582F28C14A0064811A /* Info.plist */ = {isa = PBXFileReference; lastKnownFileType = text.plist.xml; path = Info.plist; sourceTree = "<group>"; };
		AA9E1B672F28CD8B0064811A /* OnboardingViewController.swift */ = {isa = PBXFileReference; lastKnownFileType = sourcecode.swift; path = OnboardingViewController.swift; sourceTree = "<group>"; };
		AA9E1B682F28CD8B0064811A /* OnboardingViewController.xib */ = {isa = PBXFileReference; lastKnownFileType = file.xib; path = OnboardingViewController.xib; sourceTree = "<group>"; };
		AA9E1B6B2F28D44E0064811A /* HomeViewController.swift */ = {isa = PBXFileReference; lastKnownFileType = sourcecode.swift; path = HomeViewController.swift; sourceTree = "<group>"; };
		AA9E1B6C2F28D44E0064811A /* HomeViewController.xib */ = {isa = PBXFileReference; lastKnownFileType = file.xib; path = HomeViewController.xib; sourceTree = "<group>"; };
		AA9E1B6F2F28D4720064811A /* TabBarController.swift */ = {isa = PBXFileReference; lastKnownFileType = sourcecode.swift; path = TabBarController.swift; sourceTree = "<group>"; };
/* End PBXFileReference section */

/* Begin PBXFrameworksBuildPhase section */
		AA9E1B442F28C1480064811A /* Frameworks */ = {
			isa = PBXFrameworksBuildPhase;
			buildActionMask = 2147483647;
			files = (
			);
			runOnlyForDeploymentPostprocessing = 0;
		};
/* End PBXFrameworksBuildPhase section */

/* Begin PBXGroup section */
		AA9E1B3E2F28C1470064811A = {
			isa = PBXGroup;
			children = (
				AA9E1B492F28C1480064811A /* ITRootsTask */,
				AA9E1B482F28C1480064811A /* Products */,
			);
			sourceTree = "<group>";
		};
		AA9E1B482F28C1480064811A /* Products */ = {
			isa = PBXGroup;
			children = (
				AA9E1B472F28C1480064811A /* ITRootsTask.app */,
			);
			name = Products;
			sourceTree = "<group>";
		};
		AA9E1B492F28C1480064811A /* ITRootsTask */ = {
			isa = PBXGroup;
			children = (
				AA9E1B712F28D4B90064811A /* App */,
				AA9E1B642F28C26D0064811A /* Model */,
				AA9E1B632F28C2070064811A /* View */,
				AA9E1B662F28C3D30064811A /* Resources */,
				AA9E1B612F28C1F80064811A /* Utilities */,
				AA9E1B582F28C14A0064811A /* Info.plist */,
			);
			path = ITRootsTask;
			sourceTree = "<group>";
		};
		AA9E1B612F28C1F80064811A /* Utilities */ = {
			isa = PBXGroup;
			children = (
			);
			path = Utilities;
			sourceTree = "<group>";
		};
		AA9E1B622F28C2000064811A /* Controllers */ = {
			isa = PBXGroup;
			children = (
				AA9E1B672F28CD8B0064811A /* OnboardingViewController.swift */,
				AA9E1B6B2F28D44E0064811A /* HomeViewController.swift */,
				AA9E1B6F2F28D4720064811A /* TabBarController.swift */,
			);
			path = Controllers;
			sourceTree = "<group>";
		};
		AA9E1B632F28C2070064811A /* View */ = {
			isa = PBXGroup;
			children = (
				AA9E1B622F28C2000064811A /* Controllers */,
				AA9E1B552F28C14A0064811A /* LaunchScreen.storyboard */,
				AA9E1B682F28CD8B0064811A /* OnboardingViewController.xib */,
				AA9E1B6C2F28D44E0064811A /* HomeViewController.xib */,
			);
			path = View;
			sourceTree = "<group>";
		};
		AA9E1B642F28C26D0064811A /* Model */ = {
			isa = PBXGroup;
			children = (
			);
			path = Model;
			sourceTree = "<group>";
		};
		AA9E1B662F28C3D30064811A /* Resources */ = {
			isa = PBXGroup;
			children = (
				AA9E1B532F28C14A0064811A /* Assets.xcassets */,
			);
			path = Resources;
			sourceTree = "<group>";
		};
		AA9E1B712F28D4B90064811A /* App */ = {
			isa = PBXGroup;
			children = (
				AA9E1B4A2F28C1480064811A /* AppDelegate.swift */,
				AA9E1B4C2F28C1480064811A /* SceneDelegate.swift */,
			);
			path = App;
			sourceTree = "<group>";
		};
/* End PBXGroup section */

/* Begin PBXNativeTarget section */
		AA9E1B462F28C1480064811A /* ITRootsTask */ = {
			isa = PBXNativeTarget;
			buildConfigurationList = AA9E1B5B2F28C14A0064811A /* Build configuration list for PBXNativeTarget "ITRootsTask" */;
			buildPhases = (
				AA9E1B432F28C1480064811A /* Sources */,
				AA9E1B442F28C1480064811A /* Frameworks */,
				AA9E1B452F28C1480064811A /* Resources */,
			);
			buildRules = (
			);
			dependencies = (
			);
			name = ITRootsTask;
			productName = ITRootsTask;
			productReference = AA9E1B472F28C1480064811A /* ITRootsTask.app */;
			productType = "com.apple.product-type.application";
		};
/* End PBXNativeTarget section */

/* Begin PBXProject section */
		AA9E1B3F2F28C1470064811A /* Project object */ = {
			isa = PBXProject;
			attributes = {
				BuildIndependentTargetsInParallel = 1;
				LastSwiftUpdateCheck = 1540;
				LastUpgradeCheck = 1540;
				TargetAttributes = {
					AA9E1B462F28C1480064811A = {
						CreatedOnToolsVersion = 15.4;
					};
				};
			};
			buildConfigurationList = AA9E1B422F28C1470064811A /* Build configuration list for PBXProject "ITRootsTask" */;
			compatibilityVersion = "Xcode 14.0";
			developmentRegion = en;
			hasScannedForEncodings = 0;
			knownRegions = (
				en,
				Base,
			);
			mainGroup = AA9E1B3E2F28C1470064811A;
			productRefGroup = AA9E1B482F28C1480064811A /* Products */;
			projectDirPath = "";
			projectRoot = "";
			targets = (
				AA9E1B462F28C1480064811A /* ITRootsTask */,
			);
		};
/* End PBXProject section */

/* Begin PBXResourcesBuildPhase section */
		AA9E1B452F28C1480064811A /* Resources */ = {
			isa = PBXResourcesBuildPhase;
			buildActionMask = 2147483647;
			files = (
				AA9E1B542F28C14A0064811A /* Assets.xcassets in Resources */,
				AA9E1B572F28C14A0064811A /* Base in Resources */,
				AA9E1B692F28CD8B0064811A /* OnboardingViewController.xib in Resources */,
				AA9E1B6D2F28D44E0064811A /* HomeViewController.xib in Resources */,
			);
			runOnlyForDeploymentPostprocessing = 0;
		};
/* End PBXResourcesBuildPhase section */

/* Begin PBXSourcesBuildPhase section */
		AA9E1B432F28C1480064811A /* Sources */ = {
			isa = PBXSourcesBuildPhase;
			buildActionMask = 2147483647;
			files = (
				AA9E1B4B2F28C1480064811A /* AppDelegate.swift in Sources */,
				AA9E1B6A2F28CD8B0064811A /* OnboardingViewController.swift in Sources */,
				AA9E1B4D2F28C1480064811A /* SceneDelegate.swift in Sources */,
				AA9E1B702F28D4720064811A /* TabBarController.swift in Sources */,
				AA9E1B6E2F28D44E0064811A /* HomeViewController.swift in Sources */,
			);
			runOnlyForDeploymentPostprocessing = 0;
		};
/* End PBXSourcesBuildPhase section */

/* Begin PBXVariantGroup section */
		AA9E1B552F28C14A0064811A /* LaunchScreen.storyboard */ = {
			isa = PBXVariantGroup;
			children = (
				AA9E1B562F28C14A0064811A /* Base */,
			);
			name = LaunchScreen.storyboard;
			sourceTree = "<group>";
		};
/* End PBXVariantGroup section */

/* Begin XCBuildConfiguration section */
		AA9E1B592F28C14A0064811A /* Debug */ = {
			isa = XCBuildConfiguration;
			buildSettings = {
				ALWAYS_SEARCH_USER_PATHS = NO;
				ASSETCATALOG_COMPILER_GENERATE_SWIFT_ASSET_SYMBOL_EXTENSIONS = YES;
				CLANG_ANALYZER_NONNULL = YES;
				CLANG_ANALYZER_NUMBER_OBJECT_CONVERSION = YES_AGGRESSIVE;
				CLANG_CXX_LANGUAGE_STANDARD = "gnu++20";
				CLANG_ENABLE_MODULES = YES;
				CLANG_ENABLE_OBJC_ARC = YES;
				CLANG_ENABLE_OBJC_WEAK = YES;
				CLANG_WARN_BLOCK_CAPTURE_AUTORELEASING = YES;
				CLANG_WARN_BOOL_CONVERSION = YES;
				CLANG_WARN_COMMA = YES;
				CLANG_WARN_CONSTANT_CONVERSION = YES;
				CLANG_WARN_DEPRECATED_OBJC_IMPLEMENTATIONS = YES;
				CLANG_WARN_DIRECT_OBJC_ISA_USAGE = YES_ERROR;
				CLANG_WARN_DOCUMENTATION_COMMENTS = YES;
				CLANG_WARN_EMPTY_BODY = YES;
				CLANG_WARN_ENUM_CONVERSION = YES;
				CLANG_WARN_INFINITE_RECURSION = YES;
				CLANG_WARN_INT_CONVERSION = YES;
				CLANG_WARN_NON_LITERAL_NULL_CONVERSION = YES;
				CLANG_WARN_OBJC_IMPLICIT_RETAIN_SELF = YES;
				CLANG_WARN_OBJC_LITERAL_CONVERSION = YES;
				CLANG_WARN_OBJC_ROOT_CLASS = YES_ERROR;
				CLANG_WARN_QUOTED_INCLUDE_IN_FRAMEWORK_HEADER = YES;
				CLANG_WARN_RANGE_LOOP_ANALYSIS = YES;
				CLANG_WARN_STRICT_PROTOTYPES = YES;
				CLANG_WARN_SUSPICIOUS_MOVE = YES;
				CLANG_WARN_UNGUARDED_AVAILABILITY = YES_AGGRESSIVE;
				CLANG_WARN_UNREACHABLE_CODE = YES;
				CLANG_WARN__DUPLICATE_METHOD_MATCH = YES;
				COPY_PHASE_STRIP = NO;
				DEBUG_INFORMATION_FORMAT = dwarf;
				ENABLE_STRICT_OBJC_MSGSEND = YES;
				ENABLE_TESTABILITY = YES;
				ENABLE_USER_SCRIPT_SANDBOXING = YES;
				GCC_C_LANGUAGE_STANDARD = gnu17;
				GCC_DYNAMIC_NO_PIC = NO;
				GCC_NO_COMMON_BLOCKS = YES;
				GCC_OPTIMIZATION_LEVEL = 0;
				GCC_PREPROCESSOR_DEFINITIONS = (
					"DEBUG=1",
					"$(inherited)",
				);
				GCC_WARN_64_TO_32_BIT_CONVERSION = YES;
				GCC_WARN_ABOUT_RETURN_TYPE = YES_ERROR;
				GCC_WARN_UNDECLARED_SELECTOR = YES;
				GCC_WARN_UNINITIALIZED_AUTOS = YES_AGGRESSIVE;
				GCC_WARN_UNUSED_FUNCTION = YES;
				GCC_WARN_UNUSED_VARIABLE = YES;
				IPHONEOS_DEPLOYMENT_TARGET = 17.5;
				LOCALIZATION_PREFERS_STRING_CATALOGS = YES;
				MTL_ENABLE_DEBUG_INFO = INCLUDE_SOURCE;
				MTL_FAST_MATH = YES;
				ONLY_ACTIVE_ARCH = YES;
				SDKROOT = iphoneos;
				SWIFT_ACTIVE_COMPILATION_CONDITIONS = "DEBUG $(inherited)";
				SWIFT_OPTIMIZATION_LEVEL = "-Onone";
			};
			name = Debug;
		};
		AA9E1B5A2F28C14A0064811A /* Release */ = {
			isa = XCBuildConfiguration;
			buildSettings = {
				ALWAYS_SEARCH_USER_PATHS = NO;
				ASSETCATALOG_COMPILER_GENERATE_SWIFT_ASSET_SYMBOL_EXTENSIONS = YES;
				CLANG_ANALYZER_NONNULL = YES;
				CLANG_ANALYZER_NUMBER_OBJECT_CONVERSION = YES_AGGRESSIVE;
				CLANG_CXX_LANGUAGE_STANDARD = "gnu++20";
				CLANG_ENABLE_MODULES = YES;
				CLANG_ENABLE_OBJC_ARC = YES;
				CLANG_ENABLE_OBJC_WEAK = YES;
				CLANG_WARN_BLOCK_CAPTURE_AUTORELEASING = YES;
				CLANG_WARN_BOOL_CONVERSION = YES;
				CLANG_WARN_COMMA = YES;
				CLANG_WARN_CONSTANT_CONVERSION = YES;
				CLANG_WARN_DEPRECATED_OBJC_IMPLEMENTATIONS = YES;
				CLANG_WARN_DIRECT_OBJC_ISA_USAGE = YES_ERROR;
				CLANG_WARN_DOCUMENTATION_COMMENTS = YES;
				CLANG_WARN_EMPTY_BODY = YES;
				CLANG_WARN_ENUM_CONVERSION = YES;
				CLANG_WARN_INFINITE_RECURSION = YES;
				CLANG_WARN_INT_CONVERSION = YES;
				CLANG_WARN_NON_LITERAL_NULL_CONVERSION = YES;
				CLANG_WARN_OBJC_IMPLICIT_RETAIN_SELF = YES;
				CLANG_WARN_OBJC_LITERAL_CONVERSION = YES;
				CLANG_WARN_OBJC_ROOT_CLASS = YES_ERROR;
				CLANG_WARN_QUOTED_INCLUDE_IN_FRAMEWORK_HEADER = YES;
				CLANG_WARN_RANGE_LOOP_ANALYSIS = YES;
				CLANG_WARN_STRICT_PROTOTYPES = YES;
				CLANG_WARN_SUSPICIOUS_MOVE = YES;
				CLANG_WARN_UNGUARDED_AVAILABILITY = YES_AGGRESSIVE;
				CLANG_WARN_UNREACHABLE_CODE = YES;
				CLANG_WARN__DUPLICATE_METHOD_MATCH = YES;
				COPY_PHASE_STRIP = NO;
				DEBUG_INFORMATION_FORMAT = "dwarf-with-dsym";
				ENABLE_NS_ASSERTIONS = NO;
				ENABLE_STRICT_OBJC_MSGSEND = YES;
				ENABLE_USER_SCRIPT_SANDBOXING = YES;
				GCC_C_LANGUAGE_STANDARD = gnu17;
				GCC_NO_COMMON_BLOCKS = YES;
				GCC_WARN_64_TO_32_BIT_CONVERSION = YES;
				GCC_WARN_ABOUT_RETURN_TYPE = YES_ERROR;
				GCC_WARN_UNDECLARED_SELECTOR = YES;
				GCC_WARN_UNINITIALIZED_AUTOS = YES_AGGRESSIVE;
				GCC_WARN_UNUSED_FUNCTION = YES;
				GCC_WARN_UNUSED_VARIABLE = YES;
				IPHONEOS_DEPLOYMENT_TARGET = 17.5;
				LOCALIZATION_PREFERS_STRING_CATALOGS = YES;
				MTL_ENABLE_DEBUG_INFO = NO;
				MTL_FAST_MATH = YES;
				SDKROOT = iphoneos;
				SWIFT_COMPILATION_MODE = wholemodule;
				VALIDATE_PRODUCT = YES;
			};
			name = Release;
		};
		AA9E1B5C2F28C14A0064811A /* Debug */ = {
			isa = XCBuildConfiguration;
			buildSettings = {
				ASSETCATALOG_COMPILER_APPICON_NAME = AppIcon;
				ASSETCATALOG_COMPILER_GLOBAL_ACCENT_COLOR_NAME = AccentColor;
				CODE_SIGN_STYLE = Automatic;
				CURRENT_PROJECT_VERSION = 1;
				DEVELOPMENT_TEAM = L3G4XRBRZ4;
				GENERATE_INFOPLIST_FILE = YES;
				INFOPLIST_FILE = ITRootsTask/Info.plist;
				INFOPLIST_KEY_UIApplicationSupportsIndirectInputEvents = YES;
				INFOPLIST_KEY_UILaunchStoryboardName = LaunchScreen;
				INFOPLIST_KEY_UIMainStoryboardFile = Main;
				INFOPLIST_KEY_UISupportedInterfaceOrientations_iPad = "UIInterfaceOrientationPortrait UIInterfaceOrientationPortraitUpsideDown UIInterfaceOrientationLandscapeLeft UIInterfaceOrientationLandscapeRight";
				INFOPLIST_KEY_UISupportedInterfaceOrientations_iPhone = "UIInterfaceOrientationPortrait UIInterfaceOrientationLandscapeLeft UIInterfaceOrientationLandscapeRight";
				LD_RUNPATH_SEARCH_PATHS = (
					"$(inherited)",
					"@executable_path/Frameworks",
				);
				MARKETING_VERSION = 1.0;
				PRODUCT_BUNDLE_IDENTIFIER = nafe3.ITRootsTask;
				PRODUCT_NAME = "$(TARGET_NAME)";
				SUPPORTED_PLATFORMS = "iphoneos iphonesimulator";
				SUPPORTS_MACCATALYST = NO;
				SUPPORTS_MAC_DESIGNED_FOR_IPHONE_IPAD = NO;
				SUPPORTS_XR_DESIGNED_FOR_IPHONE_IPAD = NO;
				SWIFT_EMIT_LOC_STRINGS = YES;
				SWIFT_VERSION = 5.0;
				TARGETED_DEVICE_FAMILY = "1,2";
			};
			name = Debug;
		};
		AA9E1B5D2F28C14A0064811A /* Release */ = {
			isa = XCBuildConfiguration;
			buildSettings = {
				ASSETCATALOG_COMPILER_APPICON_NAME = AppIcon;
				ASSETCATALOG_COMPILER_GLOBAL_ACCENT_COLOR_NAME = AccentColor;
				CODE_SIGN_STYLE = Automatic;
				CURRENT_PROJECT_VERSION = 1;
				DEVELOPMENT_TEAM = L3G4XRBRZ4;
				GENERATE_INFOPLIST_FILE = YES;
				INFOPLIST_FILE = ITRootsTask/Info.plist;
				INFOPLIST_KEY_UIApplicationSupportsIndirectInputEvents = YES;
				INFOPLIST_KEY_UILaunchStoryboardName = LaunchScreen;
				INFOPLIST_KEY_UIMainStoryboardFile = Main;
				INFOPLIST_KEY_UISupportedInterfaceOrientations_iPad = "UIInterfaceOrientationPortrait UIInterfaceOrientationPortraitUpsideDown UIInterfaceOrientationLandscapeLeft UIInterfaceOrientationLandscapeRight";
				INFOPLIST_KEY_UISupportedInterfaceOrientations_iPhone = "UIInterfaceOrientationPortrait UIInterfaceOrientationLandscapeLeft UIInterfaceOrientationLandscapeRight";
				LD_RUNPATH_SEARCH_PATHS = (
					"$(inherited)",
					"@executable_path/Frameworks",
				);
				MARKETING_VERSION = 1.0;
				PRODUCT_BUNDLE_IDENTIFIER = nafe3.ITRootsTask;
				PRODUCT_NAME = "$(TARGET_NAME)";
				SUPPORTED_PLATFORMS = "iphoneos iphonesimulator";
				SUPPORTS_MACCATALYST = NO;
				SUPPORTS_MAC_DESIGNED_FOR_IPHONE_IPAD = NO;
				SUPPORTS_XR_DESIGNED_FOR_IPHONE_IPAD = NO;
				SWIFT_EMIT_LOC_STRINGS = YES;
				SWIFT_VERSION = 5.0;
				TARGETED_DEVICE_FAMILY = "1,2";
			};
			name = Release;
		};
/* End XCBuildConfiguration section */

/* Begin XCConfigurationList section */
		AA9E1B422F28C1470064811A /* Build configuration list for PBXProject "ITRootsTask" */ = {
			isa = XCConfigurationList;
			buildConfigurations = (
				AA9E1B592F28C14A0064811A /* Debug */,
				AA9E1B5A2F28C14A0064811A /* Release */,
			);
			defaultConfigurationIsVisible = 0;
			defaultConfigurationName = Release;
		};
		AA9E1B5B2F28C14A0064811A /* Build configuration list for PBXNativeTarget "ITRootsTask" */ = {
			isa = XCConfigurationList;
			buildConfigurations = (
				AA9E1B5C2F28C14A0064811A /* Debug */,
				AA9E1B5D2F28C14A0064811A /* Release */,
			);
			defaultConfigurationIsVisible = 0;
			defaultConfigurationName = Release;
		};
/* End XCConfigurationList section */
	};
	rootObject = AA9E1B3F2F28C1470064811A /* Project object */;
}
