// !$*UTF8*$!
{
	archiveVersion = 1;
	classes = {
	};
	objectVersion = 56;
	objects = {

/* Begin PBXBuildFile section */
		AA0204D42F2A19F500BCA8EA /* PostsViewController.swift in Sources */ = {isa = PBXBuildFile; fileRef = AA0204D22F2A19F500BCA8EA /* PostsViewController.swift */; };
		AA0204D52F2A19F500BCA8EA /* PostsViewController.xib in Resources */ = {isa = PBXBuildFile; fileRef = AA0204D32F2A19F500BCA8EA /* PostsViewController.xib */; };
		AA0204D72F2A1AB900BCA8EA /* HomeViewModel.swift in Sources */ = {isa = PBXBuildFile; fileRef = AA0204D62F2A1AB900BCA8EA /* HomeViewModel.swift */; };
		AA0204DD2F2A225100BCA8EA /* SectionsHeaderView.swift in Sources */ = {isa = PBXBuildFile; fileRef = AA0204DB2F2A225100BCA8EA /* SectionsHeaderView.swift */; };
		AA0204DE2F2A225100BCA8EA /* SectionsHeaderView.xib in Resources */ = {isa = PBXBuildFile; fileRef = AA0204DC2F2A225100BCA8EA /* SectionsHeaderView.xib */; };
		AA0204E22F2A237700BCA8EA /* PostsTableViewCell.swift in Sources */ = {isa = PBXBuildFile; fileRef = AA0204E02F2A237700BCA8EA /* PostsTableViewCell.swift */; };
		AA0204E32F2A237700BCA8EA /* PostsTableViewCell.xib in Resources */ = {isa = PBXBuildFile; fileRef = AA0204E12F2A237700BCA8EA /* PostsTableViewCell.xib */; };
		AA0204E52F2A257800BCA8EA /* Post.swift in Sources */ = {isa = PBXBuildFile; fileRef = AA0204E42F2A257800BCA8EA /* Post.swift */; };
		AA0204E72F2A266600BCA8EA /* NetworkingService.swift in Sources */ = {isa = PBXBuildFile; fileRef = AA0204E62F2A266600BCA8EA /* NetworkingService.swift */; };
		AA0204E92F2A284C00BCA8EA /* PostsViewModel.swift in Sources */ = {isa = PBXBuildFile; fileRef = AA0204E82F2A284C00BCA8EA /* PostsViewModel.swift */; };
		AA1A108D2F2A4B91006D41DF /* CoreDataManager.swift in Sources */ = {isa = PBXBuildFile; fileRef = AA1A108C2F2A4B91006D41DF /* CoreDataManager.swift */; };
		AA1A10922F2A51CF006D41DF /* NetworkMonitor.swift in Sources */ = {isa = PBXBuildFile; fileRef = AA1A10912F2A51CF006D41DF /* NetworkMonitor.swift */; };
		AA1A10942F2A5AFB006D41DF /* SettingsMenuHelper.swift in Sources */ = {isa = PBXBuildFile; fileRef = AA1A10932F2A5AFB006D41DF /* SettingsMenuHelper.swift */; };
		AA1A10992F2A6A1B006D41DF /* Localizable.strings in Resources */ = {isa = PBXBuildFile; fileRef = AA1A10972F2A6A1B006D41DF /* Localizable.strings */; };
		AA1A109C2F2A7291006D41DF /* AppLanguage.swift in Sources */ = {isa = PBXBuildFile; fileRef = AA1A109B2F2A7291006D41DF /* AppLanguage.swift */; };
		AA1A10A42F2ABE0A006D41DF /* MOLH in Frameworks */ = {isa = PBXBuildFile; productRef = AA1A10A32F2ABE0A006D41DF /* MOLH */; };
		AA1A10A82F2AE256006D41DF /* RegisterViewController.swift in Sources */ = {isa = PBXBuildFile; fileRef = AA1A10A62F2AE256006D41DF /* RegisterViewController.swift */; };
		AA1A10A92F2AE256006D41DF /* RegisterViewController.xib in Resources */ = {isa = PBXBuildFile; fileRef = AA1A10A72F2AE256006D41DF /* RegisterViewController.xib */; };
		AA2B16572F2B7B8D00AD559A /* RegisterViewModel.swift in Sources */ = {isa = PBXBuildFile; fileRef = AA2B16562F2B7B8D00AD559A /* RegisterViewModel.swift */; };
		AA2B16612F2B8C6A00AD559A /* PostEntity.xcdatamodeld in Sources */ = {isa = PBXBuildFile; fileRef = AA2B165F2F2B8C6A00AD559A /* PostEntity.xcdatamodeld */; };
		AA9E1B4B2F28C1480064811A /* AppDelegate.swift in Sources */ = {isa = PBXBuildFile; fileRef = AA9E1B4A2F28C1480064811A /* AppDelegate.swift */; };
		AA9E1B4D2F28C1480064811A /* SceneDelegate.swift in Sources */ = {isa = PBXBuildFile; fileRef = AA9E1B4C2F28C1480064811A /* SceneDelegate.swift */; };
		AA9E1B542F28C14A0064811A /* Assets.xcassets in Resources */ = {isa = PBXBuildFile; fileRef = AA9E1B532F28C14A0064811A /* Assets.xcassets */; };
		AA9E1B572F28C14A0064811A /* Base in Resources */ = {isa = PBXBuildFile; fileRef = AA9E1B562F28C14A0064811A /* Base */; };
		AA9E1B692F28CD8B0064811A /* OnboardingViewController.xib in Resources */ = {isa = PBXBuildFile; fileRef = AA9E1B682F28CD8B0064811A /* OnboardingViewController.xib */; };
		AA9E1B6A2F28CD8B0064811A /* OnboardingViewController.swift in Sources */ = {isa = PBXBuildFile; fileRef = AA9E1B672F28CD8B0064811A /* OnboardingViewController.swift */; };
		AA9E1B6D2F28D44E0064811A /* HomeViewController.xib in Resources */ = {isa = PBXBuildFile; fileRef = AA9E1B6C2F28D44E0064811A /* HomeViewController.xib */; };
		AA9E1B6E2F28D44E0064811A /* HomeViewController.swift in Sources */ = {isa = PBXBuildFile; fileRef = AA9E1B6B2F28D44E0064811A /* HomeViewController.swift */; };
		AA9E1B702F28D4720064811A /* TabBarController.swift in Sources */ = {isa = PBXBuildFile; fileRef = AA9E1B6F2F28D4720064811A /* TabBarController.swift */; };
		AA9E1B732F28D9E10064811A /* Validator.swift in Sources */ = {isa = PBXBuildFile; fileRef = AA9E1B722F28D9E10064811A /* Validator.swift */; };
		AA9E1B762F290C030064811A /* User.swift in Sources */ = {isa = PBXBuildFile; fileRef = AA9E1B752F290C030064811A /* User.swift */; };
		AA9E1B782F290C7A0064811A /* AlertManager.swift in Sources */ = {isa = PBXBuildFile; fileRef = AA9E1B772F290C7A0064811A /* AlertManager.swift */; };
		AAEB1CA32F2930CD00D55054 /* OnboardingViewModel.swift in Sources */ = {isa = PBXBuildFile; fileRef = AAEB1CA22F2930CD00D55054 /* OnboardingViewModel.swift */; };
		AAEB1CA52F29350B00D55054 /* UserDefaultKeys.swift in Sources */ = {isa = PBXBuildFile; fileRef = AAEB1CA42F29350B00D55054 /* UserDefaultKeys.swift */; };
		AAEB1CAA2F2937B200D55054 /* StoriesCollectionViewCell.xib in Resources */ = {isa = PBXBuildFile; fileRef = AAEB1CA92F2937B200D55054 /* StoriesCollectionViewCell.xib */; };
		AAEB1CAB2F2937B200D55054 /* StoriesCollectionViewCell.swift in Sources */ = {isa = PBXBuildFile; fileRef = AAEB1CA82F2937B200D55054 /* StoriesCollectionViewCell.swift */; };
		AAEB1CAF2F29385500D55054 /* PosterCollectionViewCell.xib in Resources */ = {isa = PBXBuildFile; fileRef = AAEB1CAE2F29385500D55054 /* PosterCollectionViewCell.xib */; };
		AAEB1CB02F29385500D55054 /* PosterCollectionViewCell.swift in Sources */ = {isa = PBXBuildFile; fileRef = AAEB1CAD2F29385500D55054 /* PosterCollectionViewCell.swift */; };
		AAEB1CB22F293A0100D55054 /* Item.swift in Sources */ = {isa = PBXBuildFile; fileRef = AAEB1CB12F293A0100D55054 /* Item.swift */; };
		AAEB1CB42F293A4400D55054 /* ItemSection.swift in Sources */ = {isa = PBXBuildFile; fileRef = AAEB1CB32F293A4400D55054 /* ItemSection.swift */; };
		AAEB1CB62F293B2300D55054 /* MockData.swift in Sources */ = {isa = PBXBuildFile; fileRef = AAEB1CB52F293B2300D55054 /* MockData.swift */; };
/* End PBXBuildFile section */

/* Begin PBXFileReference section */
		AA0204D22F2A19F500BCA8EA /* PostsViewController.swift */ = {isa = PBXFileReference; lastKnownFileType = sourcecode.swift; path = PostsViewController.swift; sourceTree = "<group>"; };
		AA0204D32F2A19F500BCA8EA /* PostsViewController.xib */ = {isa = PBXFileReference; lastKnownFileType = file.xib; path = PostsViewController.xib; sourceTree = "<group>"; };
		AA0204D62F2A1AB900BCA8EA /* HomeViewModel.swift */ = {isa = PBXFileReference; lastKnownFileType = sourcecode.swift; path = HomeViewModel.swift; sourceTree = "<group>"; };
		AA0204DB2F2A225100BCA8EA /* SectionsHeaderView.swift */ = {isa = PBXFileReference; lastKnownFileType = sourcecode.swift; path = SectionsHeaderView.swift; sourceTree = "<group>"; };
		AA0204DC2F2A225100BCA8EA /* SectionsHeaderView.xib */ = {isa = PBXFileReference; lastKnownFileType = file.xib; path = SectionsHeaderView.xib; sourceTree = "<group>"; };
		AA0204E02F2A237700BCA8EA /* PostsTableViewCell.swift */ = {isa = PBXFileReference; lastKnownFileType = sourcecode.swift; path = PostsTableViewCell.swift; sourceTree = "<group>"; };
		AA0204E12F2A237700BCA8EA /* PostsTableViewCell.xib */ = {isa = PBXFileReference; lastKnownFileType = file.xib; path = PostsTableViewCell.xib; sourceTree = "<group>"; };
		AA0204E42F2A257800BCA8EA /* Post.swift */ = {isa = PBXFileReference; lastKnownFileType = sourcecode.swift; path = Post.swift; sourceTree = "<group>"; };
		AA0204E62F2A266600BCA8EA /* NetworkingService.swift */ = {isa = PBXFileReference; lastKnownFileType = sourcecode.swift; path = NetworkingService.swift; sourceTree = "<group>"; };
		AA0204E82F2A284C00BCA8EA /* PostsViewModel.swift */ = {isa = PBXFileReference; lastKnownFileType = sourcecode.swift; path = PostsViewModel.swift; sourceTree = "<group>"; };
		AA1A108C2F2A4B91006D41DF /* CoreDataManager.swift */ = {isa = PBXFileReference; lastKnownFileType = sourcecode.swift; path = CoreDataManager.swift; sourceTree = "<group>"; };
		AA1A10912F2A51CF006D41DF /* NetworkMonitor.swift */ = {isa = PBXFileReference; lastKnownFileType = sourcecode.swift; path = NetworkMonitor.swift; sourceTree = "<group>"; };
		AA1A10932F2A5AFB006D41DF /* SettingsMenuHelper.swift */ = {isa = PBXFileReference; lastKnownFileType = sourcecode.swift; path = SettingsMenuHelper.swift; sourceTree = "<group>"; };
		AA1A10962F2A6A02006D41DF /* ar */ = {isa = PBXFileReference; lastKnownFileType = text.plist.strings; name = ar; path = ar.lproj/LaunchScreen.strings; sourceTree = "<group>"; };
		AA1A10982F2A6A1B006D41DF /* en */ = {isa = PBXFileReference; lastKnownFileType = text.plist.strings; name = en; path = en.lproj/Localizable.strings; sourceTree = "<group>"; };
		AA1A109A2F2A6A37006D41DF /* ar */ = {isa = PBXFileReference; lastKnownFileType = text.plist.strings; name = ar; path = ar.lproj/Localizable.strings; sourceTree = "<group>"; };
		AA1A109B2F2A7291006D41DF /* AppLanguage.swift */ = {isa = PBXFileReference; lastKnownFileType = sourcecode.swift; path = AppLanguage.swift; sourceTree = "<group>"; };
		AA1A10A62F2AE256006D41DF /* RegisterViewController.swift */ = {isa = PBXFileReference; lastKnownFileType = sourcecode.swift; path = RegisterViewController.swift; sourceTree = "<group>"; };
		AA1A10A72F2AE256006D41DF /* RegisterViewController.xib */ = {isa = PBXFileReference; lastKnownFileType = file.xib; path = RegisterViewController.xib; sourceTree = "<group>"; };
		AA2B16562F2B7B8D00AD559A /* RegisterViewModel.swift */ = {isa = PBXFileReference; lastKnownFileType = sourcecode.swift; path = RegisterViewModel.swift; sourceTree = "<group>"; };
		AA2B16602F2B8C6A00AD559A /* PostEntity.xcdatamodel */ = {isa = PBXFileReference; lastKnownFileType = wrapper.xcdatamodel; path = PostEntity.xcdatamodel; sourceTree = "<group>"; };
		AA9E1B472F28C1480064811A /* ITRootsTask.app */ = {isa = PBXFileReference; explicitFileType = wrapper.application; includeInIndex = 0; path = ITRootsTask.app; sourceTree = BUILT_PRODUCTS_DIR; };
		AA9E1B4A2F28C1480064811A /* AppDelegate.swift */ = {isa = PBXFileReference; lastKnownFileType = sourcecode.swift; path = AppDelegate.swift; sourceTree = "<group>"; };
		AA9E1B4C2F28C1480064811A /* SceneDelegate.swift */ = {isa = PBXFileReference; lastKnownFileType = sourcecode.swift; path = SceneDelegate.swift; sourceTree = "<group>"; };
		AA9E1B532F28C14A0064811A /* Assets.xcassets */ = {isa = PBXFileReference; lastKnownFileType = folder.assetcatalog; path = Assets.xcassets; sourceTree = "<group>"; };
		AA9E1B562F28C14A0064811A /* Base */ = {isa = PBXFileReference; lastKnownFileType = file.storyboard; name = Base; path = Base.lproj/LaunchScreen.storyboard; sourceTree = "<group>"; };
		AA9E1B582F28C14A0064811A /* Info.plist */ = {isa = PBXFileReference; lastKnownFileType = text.plist.xml; path = Info.plist; sourceTree = "<group>"; };
		AA9E1B672F28CD8B0064811A /* OnboardingViewController.swift */ = {isa = PBXFileReference; lastKnownFileType = sourcecode.swift; path = OnboardingViewController.swift; sourceTree = "<group>"; };
		AA9E1B682F28CD8B0064811A /* OnboardingViewController.xib */ = {isa = PBXFileReference; lastKnownFileType = file.xib; path = OnboardingViewController.xib; sourceTree = "<group>"; };
		AA9E1B6B2F28D44E0064811A /* HomeViewController.swift */ = {isa = PBXFileReference; lastKnownFileType = sourcecode.swift; path = HomeViewController.swift; sourceTree = "<group>"; };
		AA9E1B6C2F28D44E0064811A /* HomeViewController.xib */ = {isa = PBXFileReference; lastKnownFileType = file.xib; path = HomeViewController.xib; sourceTree = "<group>"; };
		AA9E1B6F2F28D4720064811A /* TabBarController.swift */ = {isa = PBXFileReference; lastKnownFileType = sourcecode.swift; path = TabBarController.swift; sourceTree = "<group>"; };
		AA9E1B722F28D9E10064811A /* Validator.swift */ = {isa = PBXFileReference; lastKnownFileType = sourcecode.swift; path = Validator.swift; sourceTree = "<group>"; };
		AA9E1B752F290C030064811A /* User.swift */ = {isa = PBXFileReference; lastKnownFileType = sourcecode.swift; path = User.swift; sourceTree = "<group>"; };
		AA9E1B772F290C7A0064811A /* AlertManager.swift */ = {isa = PBXFileReference; lastKnownFileType = sourcecode.swift; path = AlertManager.swift; sourceTree = "<group>"; };
		AAEB1CA22F2930CD00D55054 /* OnboardingViewModel.swift */ = {isa = PBXFileReference; lastKnownFileType = sourcecode.swift; path = OnboardingViewModel.swift; sourceTree = "<group>"; };
		AAEB1CA42F29350B00D55054 /* UserDefaultKeys.swift */ = {isa = PBXFileReference; lastKnownFileType = sourcecode.swift; path = UserDefaultKeys.swift; sourceTree = "<group>"; };
		AAEB1CA82F2937B200D55054 /* StoriesCollectionViewCell.swift */ = {isa = PBXFileReference; lastKnownFileType = sourcecode.swift; path = StoriesCollectionViewCell.swift; sourceTree = "<group>"; };
		AAEB1CA92F2937B200D55054 /* StoriesCollectionViewCell.xib */ = {isa = PBXFileReference; lastKnownFileType = file.xib; path = StoriesCollectionViewCell.xib; sourceTree = "<group>"; };
		AAEB1CAD2F29385500D55054 /* PosterCollectionViewCell.swift */ = {isa = PBXFileReference; lastKnownFileType = sourcecode.swift; path = PosterCollectionViewCell.swift; sourceTree = "<group>"; };
		AAEB1CAE2F29385500D55054 /* PosterCollectionViewCell.xib */ = {isa = PBXFileReference; lastKnownFileType = file.xib; path = PosterCollectionViewCell.xib; sourceTree = "<group>"; };
		AAEB1CB12F293A0100D55054 /* Item.swift */ = {isa = PBXFileReference; lastKnownFileType = sourcecode.swift; path = Item.swift; sourceTree = "<group>"; };
		AAEB1CB32F293A4400D55054 /* ItemSection.swift */ = {isa = PBXFileReference; lastKnownFileType = sourcecode.swift; path = ItemSection.swift; sourceTree = "<group>"; };
		AAEB1CB52F293B2300D55054 /* MockData.swift */ = {isa = PBXFileReference; lastKnownFileType = sourcecode.swift; path = MockData.swift; sourceTree = "<group>"; };
/* End PBXFileReference section */

/* Begin PBXFrameworksBuildPhase section */
		AA9E1B442F28C1480064811A /* Frameworks */ = {
			isa = PBXFrameworksBuildPhase;
			buildActionMask = 2147483647;
			files = (
				AA1A10A42F2ABE0A006D41DF /* MOLH in Frameworks */,
			);
			runOnlyForDeploymentPostprocessing = 0;
		};
/* End PBXFrameworksBuildPhase section */

/* Begin PBXGroup section */
		AA0204DA2F2A222C00BCA8EA /* SectionHeaderView */ = {
			isa = PBXGroup;
			children = (
				AA0204DB2F2A225100BCA8EA /* SectionsHeaderView.swift */,
				AA0204DC2F2A225100BCA8EA /* SectionsHeaderView.xib */,
			);
			path = SectionHeaderView;
			sourceTree = "<group>";
		};
		AA0204DF2F2A235900BCA8EA /* PostsCell */ = {
			isa = PBXGroup;
			children = (
				AA0204E02F2A237700BCA8EA /* PostsTableViewCell.swift */,
				AA0204E12F2A237700BCA8EA /* PostsTableViewCell.xib */,
			);
			path = PostsCell;
			sourceTree = "<group>";
		};
		AA9E1B3E2F28C1470064811A = {
			isa = PBXGroup;
			children = (
				AA9E1B492F28C1480064811A /* ITRootsTask */,
				AA9E1B482F28C1480064811A /* Products */,
			);
			sourceTree = "<group>";
		};
		AA9E1B482F28C1480064811A /* Products */ = {
			isa = PBXGroup;
			children = (
				AA9E1B472F28C1480064811A /* ITRootsTask.app */,
			);
			name = Products;
			sourceTree = "<group>";
		};
		AA9E1B492F28C1480064811A /* ITRootsTask */ = {
			isa = PBXGroup;
			children = (
				AA9E1B712F28D4B90064811A /* App */,
				AA9E1B642F28C26D0064811A /* Model */,
				AA9E1B632F28C2070064811A /* View */,
				AA9E1B742F28DBE70064811A /* ViewModel */,
				AA9E1B662F28C3D30064811A /* Resources */,
				AA9E1B612F28C1F80064811A /* Utilities */,
				AA9E1B582F28C14A0064811A /* Info.plist */,
				AA1A10972F2A6A1B006D41DF /* Localizable.strings */,
				AA2B165F2F2B8C6A00AD559A /* PostEntity.xcdatamodeld */,
			);
			path = ITRootsTask;
			sourceTree = "<group>";
		};
		AA9E1B612F28C1F80064811A /* Utilities */ = {
			isa = PBXGroup;
			children = (
				AA9E1B722F28D9E10064811A /* Validator.swift */,
				AA9E1B772F290C7A0064811A /* AlertManager.swift */,
				AAEB1CA42F29350B00D55054 /* UserDefaultKeys.swift */,
				AA0204E62F2A266600BCA8EA /* NetworkingService.swift */,
				AA1A108C2F2A4B91006D41DF /* CoreDataManager.swift */,
				AA1A10912F2A51CF006D41DF /* NetworkMonitor.swift */,
				AA1A10932F2A5AFB006D41DF /* SettingsMenuHelper.swift */,
			);
			path = Utilities;
			sourceTree = "<group>";
		};
		AA9E1B622F28C2000064811A /* Controllers */ = {
			isa = PBXGroup;
			children = (
				AA1A10A62F2AE256006D41DF /* RegisterViewController.swift */,
				AA0204D22F2A19F500BCA8EA /* PostsViewController.swift */,
				AA9E1B672F28CD8B0064811A /* OnboardingViewController.swift */,
				AA9E1B6B2F28D44E0064811A /* HomeViewController.swift */,
				AA9E1B6F2F28D4720064811A /* TabBarController.swift */,
			);
			path = Controllers;
			sourceTree = "<group>";
		};
		AA9E1B632F28C2070064811A /* View */ = {
			isa = PBXGroup;
			children = (
				AAEB1CA62F29378500D55054 /* Cells */,
				AA9E1B622F28C2000064811A /* Controllers */,
				AA9E1B552F28C14A0064811A /* LaunchScreen.storyboard */,
				AA9E1B682F28CD8B0064811A /* OnboardingViewController.xib */,
				AA9E1B6C2F28D44E0064811A /* HomeViewController.xib */,
				AA0204D32F2A19F500BCA8EA /* PostsViewController.xib */,
				AA1A10A72F2AE256006D41DF /* RegisterViewController.xib */,
			);
			path = View;
			sourceTree = "<group>";
		};
		AA9E1B642F28C26D0064811A /* Model */ = {
			isa = PBXGroup;
			children = (
				AA9E1B752F290C030064811A /* User.swift */,
				AAEB1CB12F293A0100D55054 /* Item.swift */,
				AAEB1CB32F293A4400D55054 /* ItemSection.swift */,
				AAEB1CB52F293B2300D55054 /* MockData.swift */,
				AA0204E42F2A257800BCA8EA /* Post.swift */,
				AA1A109B2F2A7291006D41DF /* AppLanguage.swift */,
			);
			path = Model;
			sourceTree = "<group>";
		};
		AA9E1B662F28C3D30064811A /* Resources */ = {
			isa = PBXGroup;
			children = (
				AA9E1B532F28C14A0064811A /* Assets.xcassets */,
			);
			path = Resources;
			sourceTree = "<group>";
		};
		AA9E1B712F28D4B90064811A /* App */ = {
			isa = PBXGroup;
			children = (
				AA9E1B4A2F28C1480064811A /* AppDelegate.swift */,
				AA9E1B4C2F28C1480064811A /* SceneDelegate.swift */,
			);
			path = App;
			sourceTree = "<group>";
		};
		AA9E1B742F28DBE70064811A /* ViewModel */ = {
			isa = PBXGroup;
			children = (
				AAEB1CA22F2930CD00D55054 /* OnboardingViewModel.swift */,
				AA0204D62F2A1AB900BCA8EA /* HomeViewModel.swift */,
				AA0204E82F2A284C00BCA8EA /* PostsViewModel.swift */,
				AA2B16562F2B7B8D00AD559A /* RegisterViewModel.swift */,
			);
			path = ViewModel;
			sourceTree = "<group>";
		};
		AAEB1CA62F29378500D55054 /* Cells */ = {
			isa = PBXGroup;
			children = (
				AA0204DF2F2A235900BCA8EA /* PostsCell */,
				AA0204DA2F2A222C00BCA8EA /* SectionHeaderView */,
				AAEB1CAC2F29384400D55054 /* PosterCell */,
				AAEB1CA72F29379300D55054 /* StoriesCell */,
			);
			path = Cells;
			sourceTree = "<group>";
		};
		AAEB1CA72F29379300D55054 /* StoriesCell */ = {
			isa = PBXGroup;
			children = (
				AAEB1CA82F2937B200D55054 /* StoriesCollectionViewCell.swift */,
				AAEB1CA92F2937B200D55054 /* StoriesCollectionViewCell.xib */,
			);
			path = StoriesCell;
			sourceTree = "<group>";
		};
		AAEB1CAC2F29384400D55054 /* PosterCell */ = {
			isa = PBXGroup;
			children = (
				AAEB1CAD2F29385500D55054 /* PosterCollectionViewCell.swift */,
				AAEB1CAE2F29385500D55054 /* PosterCollectionViewCell.xib */,
			);
			path = PosterCell;
			sourceTree = "<group>";
		};
/* End PBXGroup section */

/* Begin PBXNativeTarget section */
		AA9E1B462F28C1480064811A /* ITRootsTask */ = {
			isa = PBXNativeTarget;
			buildConfigurationList = AA9E1B5B2F28C14A0064811A /* Build configuration list for PBXNativeTarget "ITRootsTask" */;
			buildPhases = (
				AA9E1B432F28C1480064811A /* Sources */,
				AA9E1B442F28C1480064811A /* Frameworks */,
				AA9E1B452F28C1480064811A /* Resources */,
			);
			buildRules = (
			);
			dependencies = (
			);
			name = ITRootsTask;
			packageProductDependencies = (
				AA1A10A32F2ABE0A006D41DF /* MOLH */,
			);
			productName = ITRootsTask;
			productReference = AA9E1B472F28C1480064811A /* ITRootsTask.app */;
			productType = "com.apple.product-type.application";
		};
/* End PBXNativeTarget section */

/* Begin PBXProject section */
		AA9E1B3F2F28C1470064811A /* Project object */ = {
			isa = PBXProject;
			attributes = {
				BuildIndependentTargetsInParallel = 1;
				LastSwiftUpdateCheck = 1540;
				LastUpgradeCheck = 1540;
				TargetAttributes = {
					AA9E1B462F28C1480064811A = {
						CreatedOnToolsVersion = 15.4;
					};
				};
			};
			buildConfigurationList = AA9E1B422F28C1470064811A /* Build configuration list for PBXProject "ITRootsTask" */;
			compatibilityVersion = "Xcode 14.0";
			developmentRegion = en;
			hasScannedForEncodings = 0;
			knownRegions = (
				en,
				Base,
				ar,
			);
			mainGroup = AA9E1B3E2F28C1470064811A;
			packageReferences = (
				AA1A10A22F2ABE0A006D41DF /* XCRemoteSwiftPackageReference "MOLH" */,
			);
			productRefGroup = AA9E1B482F28C1480064811A /* Products */;
			projectDirPath = "";
			projectRoot = "";
			targets = (
				AA9E1B462F28C1480064811A /* ITRootsTask */,
			);
		};
/* End PBXProject section */

/* Begin PBXResourcesBuildPhase section */
		AA9E1B452F28C1480064811A /* Resources */ = {
			isa = PBXResourcesBuildPhase;
			buildActionMask = 2147483647;
			files = (
				AA1A10A92F2AE256006D41DF /* RegisterViewController.xib in Resources */,
				AAEB1CAA2F2937B200D55054 /* StoriesCollectionViewCell.xib in Resources */,
				AAEB1CAF2F29385500D55054 /* PosterCollectionViewCell.xib in Resources */,
				AA9E1B542F28C14A0064811A /* Assets.xcassets in Resources */,
				AA0204E32F2A237700BCA8EA /* PostsTableViewCell.xib in Resources */,
				AA0204DE2F2A225100BCA8EA /* SectionsHeaderView.xib in Resources */,
				AA1A10992F2A6A1B006D41DF /* Localizable.strings in Resources */,
				AA9E1B572F28C14A0064811A /* Base in Resources */,
				AA9E1B692F28CD8B0064811A /* OnboardingViewController.xib in Resources */,
				AA0204D52F2A19F500BCA8EA /* PostsViewController.xib in Resources */,
				AA9E1B6D2F28D44E0064811A /* HomeViewController.xib in Resources */,
			);
			runOnlyForDeploymentPostprocessing = 0;
		};
/* End PBXResourcesBuildPhase section */

/* Begin PBXSourcesBuildPhase section */
		AA9E1B432F28C1480064811A /* Sources */ = {
			isa = PBXSourcesBuildPhase;
			buildActionMask = 2147483647;
			files = (
				AA0204D72F2A1AB900BCA8EA /* HomeViewModel.swift in Sources */,
				AAEB1CA52F29350B00D55054 /* UserDefaultKeys.swift in Sources */,
				AA0204DD2F2A225100BCA8EA /* SectionsHeaderView.swift in Sources */,
				AA1A10942F2A5AFB006D41DF /* SettingsMenuHelper.swift in Sources */,
				AA9E1B782F290C7A0064811A /* AlertManager.swift in Sources */,
				AA9E1B4B2F28C1480064811A /* AppDelegate.swift in Sources */,
				AA9E1B6A2F28CD8B0064811A /* OnboardingViewController.swift in Sources */,
				AA0204E72F2A266600BCA8EA /* NetworkingService.swift in Sources */,
				AAEB1CB62F293B2300D55054 /* MockData.swift in Sources */,
				AA1A108D2F2A4B91006D41DF /* CoreDataManager.swift in Sources */,
				AAEB1CB42F293A4400D55054 /* ItemSection.swift in Sources */,
				AA9E1B4D2F28C1480064811A /* SceneDelegate.swift in Sources */,
				AA1A10922F2A51CF006D41DF /* NetworkMonitor.swift in Sources */,
				AAEB1CA32F2930CD00D55054 /* OnboardingViewModel.swift in Sources */,
				AAEB1CAB2F2937B200D55054 /* StoriesCollectionViewCell.swift in Sources */,
				AAEB1CB22F293A0100D55054 /* Item.swift in Sources */,
				AA2B16612F2B8C6A00AD559A /* PostEntity.xcdatamodeld in Sources */,
				AA9E1B702F28D4720064811A /* TabBarController.swift in Sources */,
				AA9E1B732F28D9E10064811A /* Validator.swift in Sources */,
				AA0204D42F2A19F500BCA8EA /* PostsViewController.swift in Sources */,
				AAEB1CB02F29385500D55054 /* PosterCollectionViewCell.swift in Sources */,
				AA0204E22F2A237700BCA8EA /* PostsTableViewCell.swift in Sources */,
				AA0204E92F2A284C00BCA8EA /* PostsViewModel.swift in Sources */,
				AA1A10A82F2AE256006D41DF /* RegisterViewController.swift in Sources */,
				AA9E1B6E2F28D44E0064811A /* HomeViewController.swift in Sources */,
				AA9E1B762F290C030064811A /* User.swift in Sources */,
				AA2B16572F2B7B8D00AD559A /* RegisterViewModel.swift in Sources */,
				AA1A109C2F2A7291006D41DF /* AppLanguage.swift in Sources */,
				AA0204E52F2A257800BCA8EA /* Post.swift in Sources */,
			);
			runOnlyForDeploymentPostprocessing = 0;
		};
/* End PBXSourcesBuildPhase section */

/* Begin PBXVariantGroup section */
		AA1A10972F2A6A1B006D41DF /* Localizable.strings */ = {
			isa = PBXVariantGroup;
			children = (
				AA1A10982F2A6A1B006D41DF /* en */,
				AA1A109A2F2A6A37006D41DF /* ar */,
			);
			name = Localizable.strings;
			sourceTree = "<group>";
		};
		AA9E1B552F28C14A0064811A /* LaunchScreen.storyboard */ = {
			isa = PBXVariantGroup;
			children = (
				AA9E1B562F28C14A0064811A /* Base */,
				AA1A10962F2A6A02006D41DF /* ar */,
			);
			name = LaunchScreen.storyboard;
			sourceTree = "<group>";
		};
/* End PBXVariantGroup section */

/* Begin XCBuildConfiguration section */
		AA9E1B592F28C14A0064811A /* Debug */ = {
			isa = XCBuildConfiguration;
			buildSettings = {
				ALWAYS_SEARCH_USER_PATHS = NO;
				ASSETCATALOG_COMPILER_GENERATE_SWIFT_ASSET_SYMBOL_EXTENSIONS = YES;
				CLANG_ANALYZER_LOCALIZABILITY_NONLOCALIZED = YES;
				CLANG_ANALYZER_NONNULL = YES;
				CLANG_ANALYZER_NUMBER_OBJECT_CONVERSION = YES_AGGRESSIVE;
				CLANG_CXX_LANGUAGE_STANDARD = "gnu++20";
				CLANG_ENABLE_MODULES = YES;
				CLANG_ENABLE_OBJC_ARC = YES;
				CLANG_ENABLE_OBJC_WEAK = YES;
				CLANG_WARN_BLOCK_CAPTURE_AUTORELEASING = YES;
				CLANG_WARN_BOOL_CONVERSION = YES;
				CLANG_WARN_COMMA = YES;
				CLANG_WARN_CONSTANT_CONVERSION = YES;
				CLANG_WARN_DEPRECATED_OBJC_IMPLEMENTATIONS = YES;
				CLANG_WARN_DIRECT_OBJC_ISA_USAGE = YES_ERROR;
				CLANG_WARN_DOCUMENTATION_COMMENTS = YES;
				CLANG_WARN_EMPTY_BODY = YES;
				CLANG_WARN_ENUM_CONVERSION = YES;
				CLANG_WARN_INFINITE_RECURSION = YES;
				CLANG_WARN_INT_CONVERSION = YES;
				CLANG_WARN_NON_LITERAL_NULL_CONVERSION = YES;
				CLANG_WARN_OBJC_IMPLICIT_RETAIN_SELF = YES;
				CLANG_WARN_OBJC_LITERAL_CONVERSION = YES;
				CLANG_WARN_OBJC_ROOT_CLASS = YES_ERROR;
				CLANG_WARN_QUOTED_INCLUDE_IN_FRAMEWORK_HEADER = YES;
				CLANG_WARN_RANGE_LOOP_ANALYSIS = YES;
				CLANG_WARN_STRICT_PROTOTYPES = YES;
				CLANG_WARN_SUSPICIOUS_MOVE = YES;
				CLANG_WARN_UNGUARDED_AVAILABILITY = YES_AGGRESSIVE;
				CLANG_WARN_UNREACHABLE_CODE = YES;
				CLANG_WARN__DUPLICATE_METHOD_MATCH = YES;
				COPY_PHASE_STRIP = NO;
				DEBUG_INFORMATION_FORMAT = dwarf;
				ENABLE_STRICT_OBJC_MSGSEND = YES;
				ENABLE_TESTABILITY = YES;
				ENABLE_USER_SCRIPT_SANDBOXING = YES;
				GCC_C_LANGUAGE_STANDARD = gnu17;
				GCC_DYNAMIC_NO_PIC = NO;
				GCC_NO_COMMON_BLOCKS = YES;
				GCC_OPTIMIZATION_LEVEL = 0;
				GCC_PREPROCESSOR_DEFINITIONS = (
					"DEBUG=1",
					"$(inherited)",
				);
				GCC_WARN_64_TO_32_BIT_CONVERSION = YES;
				GCC_WARN_ABOUT_RETURN_TYPE = YES_ERROR;
				GCC_WARN_UNDECLARED_SELECTOR = YES;
				GCC_WARN_UNINITIALIZED_AUTOS = YES_AGGRESSIVE;
				GCC_WARN_UNUSED_FUNCTION = YES;
				GCC_WARN_UNUSED_VARIABLE = YES;
				IPHONEOS_DEPLOYMENT_TARGET = 17.5;
				LOCALIZATION_PREFERS_STRING_CATALOGS = YES;
				MTL_ENABLE_DEBUG_INFO = INCLUDE_SOURCE;
				MTL_FAST_MATH = YES;
				ONLY_ACTIVE_ARCH = YES;
				SDKROOT = iphoneos;
				SWIFT_ACTIVE_COMPILATION_CONDITIONS = "DEBUG $(inherited)";
				SWIFT_OPTIMIZATION_LEVEL = "-Onone";
			};
			name = Debug;
		};
		AA9E1B5A2F28C14A0064811A /* Release */ = {
			isa = XCBuildConfiguration;
			buildSettings = {
				ALWAYS_SEARCH_USER_PATHS = NO;
				ASSETCATALOG_COMPILER_GENERATE_SWIFT_ASSET_SYMBOL_EXTENSIONS = YES;
				CLANG_ANALYZER_LOCALIZABILITY_NONLOCALIZED = YES;
				CLANG_ANALYZER_NONNULL = YES;
				CLANG_ANALYZER_NUMBER_OBJECT_CONVERSION = YES_AGGRESSIVE;
				CLANG_CXX_LANGUAGE_STANDARD = "gnu++20";
				CLANG_ENABLE_MODULES = YES;
				CLANG_ENABLE_OBJC_ARC = YES;
				CLANG_ENABLE_OBJC_WEAK = YES;
				CLANG_WARN_BLOCK_CAPTURE_AUTORELEASING = YES;
				CLANG_WARN_BOOL_CONVERSION = YES;
				CLANG_WARN_COMMA = YES;
				CLANG_WARN_CONSTANT_CONVERSION = YES;
				CLANG_WARN_DEPRECATED_OBJC_IMPLEMENTATIONS = YES;
				CLANG_WARN_DIRECT_OBJC_ISA_USAGE = YES_ERROR;
				CLANG_WARN_DOCUMENTATION_COMMENTS = YES;
				CLANG_WARN_EMPTY_BODY = YES;
				CLANG_WARN_ENUM_CONVERSION = YES;
				CLANG_WARN_INFINITE_RECURSION = YES;
				CLANG_WARN_INT_CONVERSION = YES;
				CLANG_WARN_NON_LITERAL_NULL_CONVERSION = YES;
				CLANG_WARN_OBJC_IMPLICIT_RETAIN_SELF = YES;
				CLANG_WARN_OBJC_LITERAL_CONVERSION = YES;
				CLANG_WARN_OBJC_ROOT_CLASS = YES_ERROR;
				CLANG_WARN_QUOTED_INCLUDE_IN_FRAMEWORK_HEADER = YES;
				CLANG_WARN_RANGE_LOOP_ANALYSIS = YES;
				CLANG_WARN_STRICT_PROTOTYPES = YES;
				CLANG_WARN_SUSPICIOUS_MOVE = YES;
				CLANG_WARN_UNGUARDED_AVAILABILITY = YES_AGGRESSIVE;
				CLANG_WARN_UNREACHABLE_CODE = YES;
				CLANG_WARN__DUPLICATE_METHOD_MATCH = YES;
				COPY_PHASE_STRIP = NO;
				DEBUG_INFORMATION_FORMAT = "dwarf-with-dsym";
				ENABLE_NS_ASSERTIONS = NO;
				ENABLE_STRICT_OBJC_MSGSEND = YES;
				ENABLE_USER_SCRIPT_SANDBOXING = YES;
				GCC_C_LANGUAGE_STANDARD = gnu17;
				GCC_NO_COMMON_BLOCKS = YES;
				GCC_WARN_64_TO_32_BIT_CONVERSION = YES;
				GCC_WARN_ABOUT_RETURN_TYPE = YES_ERROR;
				GCC_WARN_UNDECLARED_SELECTOR = YES;
				GCC_WARN_UNINITIALIZED_AUTOS = YES_AGGRESSIVE;
				GCC_WARN_UNUSED_FUNCTION = YES;
				GCC_WARN_UNUSED_VARIABLE = YES;
				IPHONEOS_DEPLOYMENT_TARGET = 17.5;
				LOCALIZATION_PREFERS_STRING_CATALOGS = YES;
				MTL_ENABLE_DEBUG_INFO = NO;
				MTL_FAST_MATH = YES;
				SDKROOT = iphoneos;
				SWIFT_COMPILATION_MODE = wholemodule;
				VALIDATE_PRODUCT = YES;
			};
			name = Release;
		};
		AA9E1B5C2F28C14A0064811A /* Debug */ = {
			isa = XCBuildConfiguration;
			buildSettings = {
				ASSETCATALOG_COMPILER_APPICON_NAME = AppIcon;
				ASSETCATALOG_COMPILER_GLOBAL_ACCENT_COLOR_NAME = AccentColor;
				CODE_SIGN_STYLE = Automatic;
				CURRENT_PROJECT_VERSION = 1;
				DEVELOPMENT_TEAM = L3G4XRBRZ4;
				GENERATE_INFOPLIST_FILE = YES;
				INFOPLIST_FILE = ITRootsTask/Info.plist;
				INFOPLIST_KEY_UIApplicationSupportsIndirectInputEvents = YES;
				INFOPLIST_KEY_UILaunchStoryboardName = LaunchScreen;
				INFOPLIST_KEY_UISupportedInterfaceOrientations_iPad = "UIInterfaceOrientationPortrait UIInterfaceOrientationPortraitUpsideDown UIInterfaceOrientationLandscapeLeft UIInterfaceOrientationLandscapeRight";
				INFOPLIST_KEY_UISupportedInterfaceOrientations_iPhone = "UIInterfaceOrientationPortrait UIInterfaceOrientationLandscapeLeft UIInterfaceOrientationLandscapeRight";
				LD_RUNPATH_SEARCH_PATHS = (
					"$(inherited)",
					"@executable_path/Frameworks",
				);
				MARKETING_VERSION = 1.0;
				PRODUCT_BUNDLE_IDENTIFIER = nafe3.ITRootsTask;
				PRODUCT_NAME = "$(TARGET_NAME)";
				SUPPORTED_PLATFORMS = "iphoneos iphonesimulator";
				SUPPORTS_MACCATALYST = NO;
				SUPPORTS_MAC_DESIGNED_FOR_IPHONE_IPAD = NO;
				SUPPORTS_XR_DESIGNED_FOR_IPHONE_IPAD = NO;
				SWIFT_EMIT_LOC_STRINGS = YES;
				SWIFT_VERSION = 5.0;
				TARGETED_DEVICE_FAMILY = "1,2";
			};
			name = Debug;
		};
		AA9E1B5D2F28C14A0064811A /* Release */ = {
			isa = XCBuildConfiguration;
			buildSettings = {
				ASSETCATALOG_COMPILER_APPICON_NAME = AppIcon;
				ASSETCATALOG_COMPILER_GLOBAL_ACCENT_COLOR_NAME = AccentColor;
				CODE_SIGN_STYLE = Automatic;
				CURRENT_PROJECT_VERSION = 1;
				DEVELOPMENT_TEAM = L3G4XRBRZ4;
				GENERATE_INFOPLIST_FILE = YES;
				INFOPLIST_FILE = ITRootsTask/Info.plist;
				INFOPLIST_KEY_UIApplicationSupportsIndirectInputEvents = YES;
				INFOPLIST_KEY_UILaunchStoryboardName = LaunchScreen;
				INFOPLIST_KEY_UISupportedInterfaceOrientations_iPad = "UIInterfaceOrientationPortrait UIInterfaceOrientationPortraitUpsideDown UIInterfaceOrientationLandscapeLeft UIInterfaceOrientationLandscapeRight";
				INFOPLIST_KEY_UISupportedInterfaceOrientations_iPhone = "UIInterfaceOrientationPortrait UIInterfaceOrientationLandscapeLeft UIInterfaceOrientationLandscapeRight";
				LD_RUNPATH_SEARCH_PATHS = (
					"$(inherited)",
					"@executable_path/Frameworks",
				);
				MARKETING_VERSION = 1.0;
				PRODUCT_BUNDLE_IDENTIFIER = nafe3.ITRootsTask;
				PRODUCT_NAME = "$(TARGET_NAME)";
				SUPPORTED_PLATFORMS = "iphoneos iphonesimulator";
				SUPPORTS_MACCATALYST = NO;
				SUPPORTS_MAC_DESIGNED_FOR_IPHONE_IPAD = NO;
				SUPPORTS_XR_DESIGNED_FOR_IPHONE_IPAD = NO;
				SWIFT_EMIT_LOC_STRINGS = YES;
				SWIFT_VERSION = 5.0;
				TARGETED_DEVICE_FAMILY = "1,2";
			};
			name = Release;
		};
/* End XCBuildConfiguration section */

/* Begin XCConfigurationList section */
		AA9E1B422F28C1470064811A /* Build configuration list for PBXProject "ITRootsTask" */ = {
			isa = XCConfigurationList;
			buildConfigurations = (
				AA9E1B592F28C14A0064811A /* Debug */,
				AA9E1B5A2F28C14A0064811A /* Release */,
			);
			defaultConfigurationIsVisible = 0;
			defaultConfigurationName = Release;
		};
		AA9E1B5B2F28C14A0064811A /* Build configuration list for PBXNativeTarget "ITRootsTask" */ = {
			isa = XCConfigurationList;
			buildConfigurations = (
				AA9E1B5C2F28C14A0064811A /* Debug */,
				AA9E1B5D2F28C14A0064811A /* Release */,
			);
			defaultConfigurationIsVisible = 0;
			defaultConfigurationName = Release;
		};
/* End XCConfigurationList section */

/* Begin XCRemoteSwiftPackageReference section */
		AA1A10A22F2ABE0A006D41DF /* XCRemoteSwiftPackageReference "MOLH" */ = {
			isa = XCRemoteSwiftPackageReference;
			repositoryURL = "https://github.com/MoathOthman/MOLH?tab=readme-ov-file";
			requirement = {
				kind = upToNextMajorVersion;
				minimumVersion = 1.2.0;
			};
		};
/* End XCRemoteSwiftPackageReference section */

/* Begin XCSwiftPackageProductDependency section */
		AA1A10A32F2ABE0A006D41DF /* MOLH */ = {
			isa = XCSwiftPackageProductDependency;
			package = AA1A10A22F2ABE0A006D41DF /* XCRemoteSwiftPackageReference "MOLH" */;
			productName = MOLH;
		};
/* End XCSwiftPackageProductDependency section */

/* Begin XCVersionGroup section */
		AA2B165F2F2B8C6A00AD559A /* PostEntity.xcdatamodeld */ = {
			isa = XCVersionGroup;
			children = (
				AA2B16602F2B8C6A00AD559A /* PostEntity.xcdatamodel */,
			);
			currentVersion = AA2B16602F2B8C6A00AD559A /* PostEntity.xcdatamodel */;
			name = PostEntity.xcdatamodeld;
			path = /Users/nafeaelkassas/Desktop/xCode/ITRootsTask/ITRootsTask/PostEntity.xcdatamodeld;
			sourceTree = "<group>";
			versionGroupType = wrapper.xcdatamodel;
		};
/* End XCVersionGroup section */
	};
	rootObject = AA9E1B3F2F28C1470064811A /* Project object */;
}
