{
  "originHash" : "f125e7ed12643839a50e50d832a4dd2a1de96d8a41b61bf74009dc2876778236",
  "pins" : [
    {
      "identity" : "molh?tab=readme-ov-file",
      "kind" : "remoteSourceControl",
      "location" : "https://github.com/MoathOthman/MOLH?tab=readme-ov-file",
      "state" : {
        "revision" : "c78502b5a5e9d5add901c2c6de546d6b320e7b73",
        "version" : "1.4.3"
      }
    }
  ],
  "version" : 3
}
